dependencies:
- name: kubefirst-pro-api
  repository: https://charts.konstruct.io
  version: 0.26.0-rc.846215e
- name: kubefirst-pro-ui
  repository: https://charts.konstruct.io
  version: 0.32.0-rc.96ac49b
digest: sha256:a9e12ee99f699e20d5d27d01a91dd300b94795470980a2d42625a3d89ccae0ee
generated: "2026-02-25T20:19:45.032332234Z"
